// !$*UTF8*$!
{
	archiveVersion = 1;
	classes = {
	};
	objectVersion = 46;
	objects = {

/* Begin PBXBuildFile section */
		BDCA74061D480A8800886312 /* AppDelegate.swift in Sources */ = {isa = PBXBuildFile; fileRef = BDCA74051D480A8800886312 /* AppDelegate.swift */; };
		BDCA74081D480A8800886312 /* ViewController.swift in Sources */ = {isa = PBXBuildFile; fileRef = BDCA74071D480A8800886312 /* ViewController.swift */; };
		BDCA740B1D480A8800886312 /* Main.storyboard in Resources */ = {isa = PBXBuildFile; fileRef = BDCA74091D480A8800886312 /* Main.storyboard */; };
		BDCA740D1D480A8800886312 /* Assets.xcassets in Resources */ = {isa = PBXBuildFile; fileRef = BDCA740C1D480A8800886312 /* Assets.xcassets */; };
		BDCA74101D480A8800886312 /* LaunchScreen.storyboard in Resources */ = {isa = PBXBuildFile; fileRef = BDCA740E1D480A8800886312 /* LaunchScreen.storyboard */; };
/* End PBXBuildFile section */

/* Begin PBXFileReference section */
		BDCA74021D480A8700886312 /* Hello World.app */ = {isa = PBXFileReference; explicitFileType = wrapper.application; includeInIndex = 0; path = "Hello World.app"; sourceTree = BUILT_PRODUCTS_DIR; };
		BDCA74051D480A8800886312 /* AppDelegate.swift */ = {isa = PBXFileReference; lastKnownFileType = sourcecode.swift; path = AppDelegate.swift; sourceTree = "<group>"; };
		BDCA74071D480A8800886312 /* ViewController.swift */ = {isa = PBXFileReference; lastKnownFileType = sourcecode.swift; path = ViewController.swift; sourceTree = "<group>"; };
		BDCA740A1D480A8800886312 /* Base */ = {isa = PBXFileReference; lastKnownFileType = file.storyboard; name = Base; path = Base.lproj/Main.storyboard; sourceTree = "<group>"; };
		BDCA740C1D480A8800886312 /* Assets.xcassets */ = {isa = PBXFileReference; lastKnownFileType = folder.assetcatalog; path = Assets.xcassets; sourceTree = "<group>"; };
		BDCA740F1D480A8800886312 /* Base */ = {isa = PBXFileReference; lastKnownFileType = file.storyboard; name = Base; path = Base.lproj/LaunchScreen.storyboard; sourceTree = "<group>"; };
		BDCA74111D480A8800886312 /* Info.plist */ = {isa = PBXFileReference; lastKnownFileType = text.plist.xml; path = Info.plist; sourceTree = "<group>"; };
/* End PBXFileReference section */

/* Begin PBXFrameworksBuildPhase section */
		BDCA73FF1D480A8700886312 /* Frameworks */ = {
			isa = PBXFrameworksBuildPhase;
			buildActionMask = 2147483647;
			files = (
			);
			runOnlyForDeploymentPostprocessing = 0;
		};
/* End PBXFrameworksBuildPhase section */

/* Begin PBXGroup section */
		BDCA73F91D480A8700886312 = {
			isa = PBXGroup;
			children = (
				BDCA74041D480A8700886312 /* Hello World */,
				BDCA74031D480A8700886312 /* Products */,
			);
			sourceTree = "<group>";
		};
		BDCA74031D480A8700886312 /* Products */ = {
			isa = PBXGroup;
			children = (
				BDCA74021D480A8700886312 /* Hello World.app */,
			);
			name = Products;
			sourceTree = "<group>";
		};
		BDCA74041D480A8700886312 /* Hello World */ = {
			isa = PBXGroup;
			children = (
				BDCA74051D480A8800886312 /* AppDelegate.swift */,
				BDCA74071D480A8800886312 /* ViewController.swift */,
				BDCA74091D480A8800886312 /* Main.storyboard */,
				BDCA740C1D480A8800886312 /* Assets.xcassets */,
				BDCA740E1D480A8800886312 /* LaunchScreen.storyboard */,
				BDCA74111D480A8800886312 /* Info.plist */,
			);
			path = "Hello World";
			sourceTree = "<group>";
		};
/* End PBXGroup section */

/* Begin PBXNativeTarget section */
		BDCA74011D480A8700886312 /* Hello World */ = {
			isa = PBXNativeTarget;
			buildConfigurationList = BDCA74141D480A8800886312 /* Build configuration list for PBXNativeTarget "Hello World" */;
			buildPhases = (
				BDCA73FE1D480A8700886312 /* Sources */,
				BDCA73FF1D480A8700886312 /* Frameworks */,
				BDCA74001D480A8700886312 /* Resources */,
			);
			buildRules = (
			);
			dependencies = (
			);
			name = "Hello World";
			productName = "Hello World";
			productReference = BDCA74021D480A8700886312 /* Hello World.app */;
			productType = "com.apple.product-type.application";
		};
/* End PBXNativeTarget section */

/* Begin PBXProject section */
		BDCA73FA1D480A8700886312 /* Project object */ = {
			isa = PBXProject;
			attributes = {
				LastSwiftUpdateCheck = 0800;
				LastUpgradeCheck = 0800;
				ORGANIZATIONNAME = "Armaan Goyal";
				TargetAttributes = {
					BDCA74011D480A8700886312 = {
						CreatedOnToolsVersion = 8.0;
						ProvisioningStyle = Automatic;
					};
				};
			};
			buildConfigurationList = BDCA73FD1D480A8700886312 /* Build configuration list for PBXProject "Hello World" */;
			compatibilityVersion = "Xcode 3.2";
			developmentRegion = English;
			hasScannedForEncodings = 0;
			knownRegions = (
				en,
				Base,
			);
			mainGroup = BDCA73F91D480A8700886312;
			productRefGroup = BDCA74031D480A8700886312 /* Products */;
			projectDirPath = "";
			projectRoot = "";
			targets = (
				BDCA74011D480A8700886312 /* Hello World */,
			);
		};
/* End PBXProject section */

/* Begin PBXResourcesBuildPhase section */
		BDCA74001D480A8700886312 /* Resources */ = {
			isa = PBXResourcesBuildPhase;
			buildActionMask = 2147483647;
			files = (
				BDCA74101D480A8800886312 /* LaunchScreen.storyboard in Resources */,
				BDCA740D1D480A8800886312 /* Assets.xcassets in Resources */,
				BDCA740B1D480A8800886312 /* Main.storyboard in Resources */,
			);
			runOnlyForDeploymentPostprocessing = 0;
		};
/* End PBXResourcesBuildPhase section */

/* Begin PBXSourcesBuildPhase section */
		BDCA73FE1D480A8700886312 /* Sources */ = {
			isa = PBXSourcesBuildPhase;
			buildActionMask = 2147483647;
			files = (
				BDCA74081D480A8800886312 /* ViewController.swift in Sources */,
				BDCA74061D480A8800886312 /* AppDelegate.swift in Sources */,
			);
			runOnlyForDeploymentPostprocessing = 0;
		};
/* End PBXSourcesBuildPhase section */

/* Begin PBXVariantGroup section */
		BDCA74091D480A8800886312 /* Main.storyboard */ = {
			isa = PBXVariantGroup;
			children = (
				BDCA740A1D480A8800886312 /* Base */,
			);
			name = Main.storyboard;
			sourceTree = "<group>";
		};
		BDCA740E1D480A8800886312 /* LaunchScreen.storyboard */ = {
			isa = PBXVariantGroup;
			children = (
				BDCA740F1D480A8800886312 /* Base */,
			);
			name = LaunchScreen.storyboard;
			sourceTree = "<group>";
		};
/* End PBXVariantGroup section */

/* Begin XCBuildConfiguration section */
		BDCA74121D480A8800886312 /* Debug */ = {
			isa = XCBuildConfiguration;
			buildSettings = {
				ALWAYS_SEARCH_USER_PATHS = NO;
				CLANG_ANALYZER_NONNULL = YES;
				CLANG_CXX_LANGUAGE_STANDARD = "gnu++0x";
				CLANG_CXX_LIBRARY = "libc++";
				CLANG_ENABLE_MODULES = YES;
				CLANG_ENABLE_OBJC_ARC = YES;
				CLANG_WARN_BOOL_CONVERSION = YES;
				CLANG_WARN_CONSTANT_CONVERSION = YES;
				CLANG_WARN_DIRECT_OBJC_ISA_USAGE = YES_ERROR;
				CLANG_WARN_DOCUMENTATION_COMMENTS = YES;
				CLANG_WARN_EMPTY_BODY = YES;
				CLANG_WARN_ENUM_CONVERSION = YES;
				CLANG_WARN_INT_CONVERSION = YES;
				CLANG_WARN_OBJC_ROOT_CLASS = YES_ERROR;
				CLANG_WARN_UNREACHABLE_CODE = YES;
				CLANG_WARN__DUPLICATE_METHOD_MATCH = YES;
				"CODE_SIGN_IDENTITY[sdk=iphoneos*]" = "iPhone Developer";
				COPY_PHASE_STRIP = NO;
				DEBUG_INFORMATION_FORMAT = dwarf;
				ENABLE_STRICT_OBJC_MSGSEND = YES;
				ENABLE_TESTABILITY = YES;
				GCC_C_LANGUAGE_STANDARD = gnu99;
				GCC_DYNAMIC_NO_PIC = NO;
				GCC_NO_COMMON_BLOCKS = YES;
				GCC_OPTIMIZATION_LEVEL = 0;
				GCC_PREPROCESSOR_DEFINITIONS = (
					"DEBUG=1",
					"$(inherited)",
				);
				GCC_WARN_64_TO_32_BIT_CONVERSION = YES;
				GCC_WARN_ABOUT_RETURN_TYPE = YES_ERROR;
				GCC_WARN_UNDECLARED_SELECTOR = YES;
				GCC_WARN_UNINITIALIZED_AUTOS = YES_AGGRESSIVE;
				GCC_WARN_UNUSED_FUNCTION = YES;
				GCC_WARN_UNUSED_VARIABLE = YES;
				IPHONEOS_DEPLOYMENT_TARGET = 10.0;
				MTL_ENABLE_DEBUG_INFO = YES;
				ONLY_ACTIVE_ARCH = YES;
				SDKROOT = iphoneos;
				SWIFT_ACTIVE_COMPILATION_CONDITIONS = DEBUG;
				SWIFT_OPTIMIZATION_LEVEL = "-Onone";
			};
			name = Debug;
		};
		BDCA74131D480A8800886312 /* Release */ = {
			isa = XCBuildConfiguration;
			buildSettings = {
				ALWAYS_SEARCH_USER_PATHS = NO;
				CLANG_ANALYZER_NONNULL = YES;
				CLANG_CXX_LANGUAGE_STANDARD = "gnu++0x";
				CLANG_CXX_LIBRARY = "libc++";
				CLANG_ENABLE_MODULES = YES;
				CLANG_ENABLE_OBJC_ARC = YES;
				CLANG_WARN_BOOL_CONVERSION = YES;
				CLANG_WARN_CONSTANT_CONVERSION = YES;
				CLANG_WARN_DIRECT_OBJC_ISA_USAGE = YES_ERROR;
				CLANG_WARN_DOCUMENTATION_COMMENTS = YES;
				CLANG_WARN_EMPTY_BODY = YES;
				CLANG_WARN_ENUM_CONVERSION = YES;
				CLANG_WARN_INT_CONVERSION = YES;
				CLANG_WARN_OBJC_ROOT_CLASS = YES_ERROR;
				CLANG_WARN_UNREACHABLE_CODE = YES;
				CLANG_WARN__DUPLICATE_METHOD_MATCH = YES;
				"CODE_SIGN_IDENTITY[sdk=iphoneos*]" = "iPhone Developer";
				COPY_PHASE_STRIP = NO;
				DEBUG_INFORMATION_FORMAT = "dwarf-with-dsym";
				ENABLE_NS_ASSERTIONS = NO;
				ENABLE_STRICT_OBJC_MSGSEND = YES;
				GCC_C_LANGUAGE_STANDARD = gnu99;
				GCC_NO_COMMON_BLOCKS = YES;
				GCC_WARN_64_TO_32_BIT_CONVERSION = YES;
				GCC_WARN_ABOUT_RETURN_TYPE = YES_ERROR;
				GCC_WARN_UNDECLARED_SELECTOR = YES;
				GCC_WARN_UNINITIALIZED_AUTOS = YES_AGGRESSIVE;
				GCC_WARN_UNUSED_FUNCTION = YES;
				GCC_WARN_UNUSED_VARIABLE = YES;
				IPHONEOS_DEPLOYMENT_TARGET = 10.0;
				MTL_ENABLE_DEBUG_INFO = NO;
				SDKROOT = iphoneos;
				SWIFT_OPTIMIZATION_LEVEL = "-Owholemodule";
				VALIDATE_PRODUCT = YES;
			};
			name = Release;
		};
		BDCA74151D480A8800886312 /* Debug */ = {
			isa = XCBuildConfiguration;
			buildSettings = {
				ASSETCATALOG_COMPILER_APPICON_NAME = AppIcon;
				INFOPLIST_FILE = "Hello World/Info.plist";
				LD_RUNPATH_SEARCH_PATHS = "$(inherited) @executable_path/Frameworks";
				PRODUCT_BUNDLE_IDENTIFIER = "com.armaango.Hello-World";
				PRODUCT_NAME = "$(TARGET_NAME)";
				SWIFT_VERSION = 3.0;
			};
			name = Debug;
		};
		BDCA74161D480A8800886312 /* Release */ = {
			isa = XCBuildConfiguration;
			buildSettings = {
				ASSETCATALOG_COMPILER_APPICON_NAME = AppIcon;
				INFOPLIST_FILE = "Hello World/Info.plist";
				LD_RUNPATH_SEARCH_PATHS = "$(inherited) @executable_path/Frameworks";
				PRODUCT_BUNDLE_IDENTIFIER = "com.armaango.Hello-World";
				PRODUCT_NAME = "$(TARGET_NAME)";
				SWIFT_VERSION = 3.0;
			};
			name = Release;
		};
/* End XCBuildConfiguration section */

/* Begin XCConfigurationList section */
		BDCA73FD1D480A8700886312 /* Build configuration list for PBXProject "Hello World" */ = {
			isa = XCConfigurationList;
			buildConfigurations = (
				BDCA74121D480A8800886312 /* Debug */,
				BDCA74131D480A8800886312 /* Release */,
			);
			defaultConfigurationIsVisible = 0;
			defaultConfigurationName = Release;
		};
		BDCA74141D480A8800886312 /* Build configuration list for PBXNativeTarget "Hello World" */ = {
			isa = XCConfigurationList;
			buildConfigurations = (
				BDCA74151D480A8800886312 /* Debug */,
				BDCA74161D480A8800886312 /* Release */,
			);
			defaultConfigurationIsVisible = 0;
		};
/* End XCConfigurationList section */
	};
	rootObject = BDCA73FA1D480A8700886312 /* Project object */;
}
